Microsoft Visual Studio Solution File, Format Version 12.00
# Visual Studio 15
VisualStudioVersion = 15.0.27130.2027
MinimumVisualStudioVersion = 10.0.40219.1
Project("{FAE04EC0-301F-11D3-BF4B-00C04F79EFBC}") = "ROS UltraHack", "ROS UltraHack.csproj", "{70BE3465-BDCE-4FE0-AD4F-FA2A8515FE2F}"
EndProject
Global
	GlobalSection(SolutionConfigurationPlatforms) = preSolution
		Debug|Any CPU = Debug|Any CPU
		Release|Any CPU = Release|Any CPU
	EndGlobalSection
	GlobalSection(ProjectConfigurationPlatforms) = postSolution
		{70BE3465-BDCE-4FE0-AD4F-FA2A8515FE2F}.Debug|Any CPU.ActiveCfg = Debug|Any CPU
		{70BE3465-BDCE-4FE0-AD4F-FA2A8515FE2F}.Debug|Any CPU.Build.0 = Debug|Any CPU
		{70BE3465-BDCE-4FE0-AD4F-FA2A8515FE2F}.Release|Any CPU.ActiveCfg = Release|Any CPU
		{70BE3465-BDCE-4FE0-AD4F-FA2A8515FE2F}.Release|Any CPU.Build.0 = Release|Any CPU
	EndGlobalSection
	GlobalSection(SolutionProperties) = preSolution
		HideSolutionNode = FALSE
	EndGlobalSection
	GlobalSection(ExtensibilityGlobals) = postSolution
		SolutionGuid = {A21E5298-235E-468F-A0EE-735A9EB18139}
	EndGlobalSection
EndGlobal
